
Microsoft Visual Studio Solution File, Format Version 12.00
# Visual Studio 2013
VisualStudioVersion = 12.0.31101.0
MinimumVisualStudioVersion = 10.0.40219.1
Project("{FAE04EC0-301F-11D3-BF4B-00C04F79EFBC}") = "OnBoard.Web", "OnBoard.Web\OnBoard.Web.csproj", "{2F3D5223-8D55-4466-853E-7674AD3052D5}"
EndProject
Project("{2150E333-8FDC-42A3-9474-1A3956D46DE8}") = "Build", "Build", "{3A644BF2-7DD3-41CB-8EC4-328E5BA38FF0}"
	ProjectSection(SolutionItems) = preProject
		Build\gulpfile.js = Build\gulpfile.js
	EndProjectSection
EndProject
Global
	GlobalSection(SolutionConfigurationPlatforms) = preSolution
		Debug|Any CPU = Debug|Any CPU
		Release|Any CPU = Release|Any CPU
	EndGlobalSection
	GlobalSection(ProjectConfigurationPlatforms) = postSolution
		{2F3D5223-8D55-4466-853E-7674AD3052D5}.Debug|Any CPU.ActiveCfg = Debug|Any CPU
		{2F3D5223-8D55-4466-853E-7674AD3052D5}.Debug|Any CPU.Build.0 = Debug|Any CPU
		{2F3D5223-8D55-4466-853E-7674AD3052D5}.Release|Any CPU.ActiveCfg = Release|Any CPU
		{2F3D5223-8D55-4466-853E-7674AD3052D5}.Release|Any CPU.Build.0 = Release|Any CPU
	EndGlobalSection
	GlobalSection(SolutionProperties) = preSolution
		HideSolutionNode = FALSE
	EndGlobalSection
EndGlobal
